
Microsoft Visual Studio Solution File, Format Version 12.00
# Visual Studio Version 16
VisualStudioVersion = 16.0.30517.126
MinimumVisualStudioVersion = 10.0.40219.1
Project("{9092AA53-FB77-4645-B42D-1CCCA6BD08BD}") = "Lab-1", "Lab-1\Lab-1.njsproj", "{9843BFDB-A58F-4334-A2AF-95F03E0DF78A}"
EndProject
Global
	GlobalSection(SolutionConfigurationPlatforms) = preSolution
		Debug|Any CPU = Debug|Any CPU
		Release|Any CPU = Release|Any CPU
	EndGlobalSection
	GlobalSection(ProjectConfigurationPlatforms) = postSolution
		{9843BFDB-A58F-4334-A2AF-95F03E0DF78A}.Debug|Any CPU.ActiveCfg = Debug|Any CPU
		{9843BFDB-A58F-4334-A2AF-95F03E0DF78A}.Debug|Any CPU.Build.0 = Debug|Any CPU
		{9843BFDB-A58F-4334-A2AF-95F03E0DF78A}.Release|Any CPU.ActiveCfg = Release|Any CPU
		{9843BFDB-A58F-4334-A2AF-95F03E0DF78A}.Release|Any CPU.Build.0 = Release|Any CPU
	EndGlobalSection
	GlobalSection(SolutionProperties) = preSolution
		HideSolutionNode = FALSE
	EndGlobalSection
	GlobalSection(ExtensibilityGlobals) = postSolution
		SolutionGuid = {EAEE41AF-9134-42AF-A0FE-9AAC5883C00C}
	EndGlobalSection
EndGlobal
